// !$*UTF8*$!
{
	archiveVersion = 1;
	classes = {
	};
	objectVersion = 77;
	objects = {

/* Begin PBXBuildFile section */
		1C5D9AA82DFEAC82001BBB4F /* Preview Assets.xcassets in Resources */ = {isa = PBXBuildFile; fileRef = 1C5D9AA22DFEAC82001BBB4F /* Preview Assets.xcassets */; };
		1C5D9AA92DFEAC82001BBB4F /* Assets.xcassets in Resources */ = {isa = PBXBuildFile; fileRef = 1C5D9AA42DFEAC82001BBB4F /* Assets.xcassets */; };
		1C5D9AAA2DFEAC82001BBB4F /* ContentView.swift in Sources */ = {isa = PBXBuildFile; fileRef = 1C5D9AA52DFEAC82001BBB4F /* ContentView.swift */; };
		1C5D9AAB2DFEAC82001BBB4F /* TemplateMVVMApp.swift in Sources */ = {isa = PBXBuildFile; fileRef = 1C5D9AA62DFEAC82001BBB4F /* TemplateMVVMApp.swift */; };
		1C5D9AB22DFEACD0001BBB4F /* Launch Screen.storyboard in Resources */ = {isa = PBXBuildFile; fileRef = 1C5D9AB12DFEACD0001BBB4F /* Launch Screen.storyboard */; };
		1C5D9AC72DFEAE70001BBB4F /* Colors.swift in Sources */ = {isa = PBXBuildFile; fileRef = 1C5D9AC62DFEAE70001BBB4F /* Colors.swift */; };
		1C5D9AC92DFEAE79001BBB4F /* Fonts.swift in Sources */ = {isa = PBXBuildFile; fileRef = 1C5D9AC82DFEAE79001BBB4F /* Fonts.swift */; };
		1C5D9ACB2DFEAE82001BBB4F /* Spacing.swift in Sources */ = {isa = PBXBuildFile; fileRef = 1C5D9ACA2DFEAE82001BBB4F /* Spacing.swift */; };
		1C5D9ACD2DFEAE8B001BBB4F /* Icons.swift in Sources */ = {isa = PBXBuildFile; fileRef = 1C5D9ACC2DFEAE8B001BBB4F /* Icons.swift */; };
		1C5D9ACF2DFEAE93001BBB4F /* CornerRadius.swift in Sources */ = {isa = PBXBuildFile; fileRef = 1C5D9ACE2DFEAE93001BBB4F /* CornerRadius.swift */; };
		1C5D9AD12DFEAE99001BBB4F /* Shadows.swift in Sources */ = {isa = PBXBuildFile; fileRef = 1C5D9AD02DFEAE99001BBB4F /* Shadows.swift */; };
		1C5D9AD32DFEAEA2001BBB4F /* Typography.swift in Sources */ = {isa = PBXBuildFile; fileRef = 1C5D9AD22DFEAEA2001BBB4F /* Typography.swift */; };
		1C5D9AD52DFEAEAA001BBB4F /* Theme.swift in Sources */ = {isa = PBXBuildFile; fileRef = 1C5D9AD42DFEAEAA001BBB4F /* Theme.swift */; };
		1C5D9AD72DFEB066001BBB4F /* Readme.md in Resources */ = {isa = PBXBuildFile; fileRef = 1C5D9AD62DFEB066001BBB4F /* Readme.md */; };
		1C5D9ADB2DFEB62D001BBB4F /* DateUtils.swift in Sources */ = {isa = PBXBuildFile; fileRef = 1C5D9ADA2DFEB62D001BBB4F /* DateUtils.swift */; };
		1C5D9ADD2DFEB635001BBB4F /* DeviceUtils.swift in Sources */ = {isa = PBXBuildFile; fileRef = 1C5D9ADC2DFEB635001BBB4F /* DeviceUtils.swift */; };
		1C5D9ADF2DFEB63E001BBB4F /* DebugUtils.swift in Sources */ = {isa = PBXBuildFile; fileRef = 1C5D9ADE2DFEB63E001BBB4F /* DebugUtils.swift */; };
		1C5D9AE12DFEB645001BBB4F /* HapticManager.swift in Sources */ = {isa = PBXBuildFile; fileRef = 1C5D9AE02DFEB645001BBB4F /* HapticManager.swift */; };
		1C5D9AE32DFEB64E001BBB4F /* AppInfoUtils.swift in Sources */ = {isa = PBXBuildFile; fileRef = 1C5D9AE22DFEB64E001BBB4F /* AppInfoUtils.swift */; };
		1C5D9AE52DFEB659001BBB4F /* PermissionsManager.swift in Sources */ = {isa = PBXBuildFile; fileRef = 1C5D9AE42DFEB659001BBB4F /* PermissionsManager.swift */; };
		1C5D9AE72DFEB661001BBB4F /* Validator.swift in Sources */ = {isa = PBXBuildFile; fileRef = 1C5D9AE62DFEB661001BBB4F /* Validator.swift */; };
		1C5D9AEA2DFEB7B9001BBB4F /* APIConstants.swift in Sources */ = {isa = PBXBuildFile; fileRef = 1C5D9AE92DFEB7B9001BBB4F /* APIConstants.swift */; };
		1C5D9AEC2DFEB7C9001BBB4F /* AppConstants.swift in Sources */ = {isa = PBXBuildFile; fileRef = 1C5D9AEB2DFEB7C9001BBB4F /* AppConstants.swift */; };
		1C5D9AEE2DFEB7D0001BBB4F /* NotificationNames.swift in Sources */ = {isa = PBXBuildFile; fileRef = 1C5D9AED2DFEB7D0001BBB4F /* NotificationNames.swift */; };
		1C5D9AF02DFEB7F2001BBB4F /* UserDefaultsKeys.swift in Sources */ = {isa = PBXBuildFile; fileRef = 1C5D9AEF2DFEB7F2001BBB4F /* UserDefaultsKeys.swift */; };
		1C5D9AF22DFEB7FA001BBB4F /* RegexPatterns.swift in Sources */ = {isa = PBXBuildFile; fileRef = 1C5D9AF12DFEB7FA001BBB4F /* RegexPatterns.swift */; };
		1C5D9AF42DFEB800001BBB4F /* ErrorMessages.swift in Sources */ = {isa = PBXBuildFile; fileRef = 1C5D9AF32DFEB800001BBB4F /* ErrorMessages.swift */; };
		1C5D9AF62DFEC6C1001BBB4F /* Home.swift in Sources */ = {isa = PBXBuildFile; fileRef = 1C5D9AF52DFEC6C1001BBB4F /* Home.swift */; };
		1C5D9AF82DFEC6C8001BBB4F /* HomeViewModel.swift in Sources */ = {isa = PBXBuildFile; fileRef = 1C5D9AF72DFEC6C8001BBB4F /* HomeViewModel.swift */; };
		1C5D9AFA2DFEC6D0001BBB4F /* HomeView.swift in Sources */ = {isa = PBXBuildFile; fileRef = 1C5D9AF92DFEC6D0001BBB4F /* HomeView.swift */; };
/* End PBXBuildFile section */

/* Begin PBXFileReference section */
		1C5D9A912DFEAC75001BBB4F /* TemplateMVVM.app */ = {isa = PBXFileReference; explicitFileType = wrapper.application; includeInIndex = 0; path = TemplateMVVM.app; sourceTree = BUILT_PRODUCTS_DIR; };
		1C5D9AA22DFEAC82001BBB4F /* Preview Assets.xcassets */ = {isa = PBXFileReference; lastKnownFileType = folder.assetcatalog; path = "Preview Assets.xcassets"; sourceTree = "<group>"; };
		1C5D9AA42DFEAC82001BBB4F /* Assets.xcassets */ = {isa = PBXFileReference; lastKnownFileType = folder.assetcatalog; path = Assets.xcassets; sourceTree = "<group>"; };
		1C5D9AA52DFEAC82001BBB4F /* ContentView.swift */ = {isa = PBXFileReference; lastKnownFileType = sourcecode.swift; path = ContentView.swift; sourceTree = "<group>"; };
		1C5D9AA62DFEAC82001BBB4F /* TemplateMVVMApp.swift */ = {isa = PBXFileReference; lastKnownFileType = sourcecode.swift; path = TemplateMVVMApp.swift; sourceTree = "<group>"; };
		1C5D9AB12DFEACD0001BBB4F /* Launch Screen.storyboard */ = {isa = PBXFileReference; lastKnownFileType = file.storyboard; path = "Launch Screen.storyboard"; sourceTree = "<group>"; };
		1C5D9AC62DFEAE70001BBB4F /* Colors.swift */ = {isa = PBXFileReference; lastKnownFileType = sourcecode.swift; path = Colors.swift; sourceTree = "<group>"; };
		1C5D9AC82DFEAE79001BBB4F /* Fonts.swift */ = {isa = PBXFileReference; lastKnownFileType = sourcecode.swift; path = Fonts.swift; sourceTree = "<group>"; };
		1C5D9ACA2DFEAE82001BBB4F /* Spacing.swift */ = {isa = PBXFileReference; lastKnownFileType = sourcecode.swift; path = Spacing.swift; sourceTree = "<group>"; };
		1C5D9ACC2DFEAE8B001BBB4F /* Icons.swift */ = {isa = PBXFileReference; lastKnownFileType = sourcecode.swift; path = Icons.swift; sourceTree = "<group>"; };
		1C5D9ACE2DFEAE93001BBB4F /* CornerRadius.swift */ = {isa = PBXFileReference; lastKnownFileType = sourcecode.swift; path = CornerRadius.swift; sourceTree = "<group>"; };
		1C5D9AD02DFEAE99001BBB4F /* Shadows.swift */ = {isa = PBXFileReference; lastKnownFileType = sourcecode.swift; path = Shadows.swift; sourceTree = "<group>"; };
		1C5D9AD22DFEAEA2001BBB4F /* Typography.swift */ = {isa = PBXFileReference; lastKnownFileType = sourcecode.swift; path = Typography.swift; sourceTree = "<group>"; };
		1C5D9AD42DFEAEAA001BBB4F /* Theme.swift */ = {isa = PBXFileReference; lastKnownFileType = sourcecode.swift; path = Theme.swift; sourceTree = "<group>"; };
		1C5D9AD62DFEB066001BBB4F /* Readme.md */ = {isa = PBXFileReference; lastKnownFileType = net.daringfireball.markdown; path = Readme.md; sourceTree = SOURCE_ROOT; };
		1C5D9ADA2DFEB62D001BBB4F /* DateUtils.swift */ = {isa = PBXFileReference; lastKnownFileType = sourcecode.swift; path = DateUtils.swift; sourceTree = "<group>"; };
		1C5D9ADC2DFEB635001BBB4F /* DeviceUtils.swift */ = {isa = PBXFileReference; lastKnownFileType = sourcecode.swift; path = DeviceUtils.swift; sourceTree = "<group>"; };
		1C5D9ADE2DFEB63E001BBB4F /* DebugUtils.swift */ = {isa = PBXFileReference; lastKnownFileType = sourcecode.swift; path = DebugUtils.swift; sourceTree = "<group>"; };
		1C5D9AE02DFEB645001BBB4F /* HapticManager.swift */ = {isa = PBXFileReference; lastKnownFileType = sourcecode.swift; path = HapticManager.swift; sourceTree = "<group>"; };
		1C5D9AE22DFEB64E001BBB4F /* AppInfoUtils.swift */ = {isa = PBXFileReference; lastKnownFileType = sourcecode.swift; path = AppInfoUtils.swift; sourceTree = "<group>"; };
		1C5D9AE42DFEB659001BBB4F /* PermissionsManager.swift */ = {isa = PBXFileReference; lastKnownFileType = sourcecode.swift; path = PermissionsManager.swift; sourceTree = "<group>"; };
		1C5D9AE62DFEB661001BBB4F /* Validator.swift */ = {isa = PBXFileReference; lastKnownFileType = sourcecode.swift; path = Validator.swift; sourceTree = "<group>"; };
		1C5D9AE92DFEB7B9001BBB4F /* APIConstants.swift */ = {isa = PBXFileReference; lastKnownFileType = sourcecode.swift; path = APIConstants.swift; sourceTree = "<group>"; };
		1C5D9AEB2DFEB7C9001BBB4F /* AppConstants.swift */ = {isa = PBXFileReference; lastKnownFileType = sourcecode.swift; path = AppConstants.swift; sourceTree = "<group>"; };
		1C5D9AED2DFEB7D0001BBB4F /* NotificationNames.swift */ = {isa = PBXFileReference; lastKnownFileType = sourcecode.swift; path = NotificationNames.swift; sourceTree = "<group>"; };
		1C5D9AEF2DFEB7F2001BBB4F /* UserDefaultsKeys.swift */ = {isa = PBXFileReference; lastKnownFileType = sourcecode.swift; path = UserDefaultsKeys.swift; sourceTree = "<group>"; };
		1C5D9AF12DFEB7FA001BBB4F /* RegexPatterns.swift */ = {isa = PBXFileReference; lastKnownFileType = sourcecode.swift; path = RegexPatterns.swift; sourceTree = "<group>"; };
		1C5D9AF32DFEB800001BBB4F /* ErrorMessages.swift */ = {isa = PBXFileReference; lastKnownFileType = sourcecode.swift; path = ErrorMessages.swift; sourceTree = "<group>"; };
		1C5D9AF52DFEC6C1001BBB4F /* Home.swift */ = {isa = PBXFileReference; lastKnownFileType = sourcecode.swift; path = Home.swift; sourceTree = "<group>"; };
		1C5D9AF72DFEC6C8001BBB4F /* HomeViewModel.swift */ = {isa = PBXFileReference; lastKnownFileType = sourcecode.swift; path = HomeViewModel.swift; sourceTree = "<group>"; };
		1C5D9AF92DFEC6D0001BBB4F /* HomeView.swift */ = {isa = PBXFileReference; lastKnownFileType = sourcecode.swift; path = HomeView.swift; sourceTree = "<group>"; };
/* End PBXFileReference section */

/* Begin PBXFrameworksBuildPhase section */
		1C5D9A8E2DFEAC75001BBB4F /* Frameworks */ = {
			isa = PBXFrameworksBuildPhase;
			buildActionMask = 2147483647;
			files = (
			);
			runOnlyForDeploymentPostprocessing = 0;
		};
/* End PBXFrameworksBuildPhase section */

/* Begin PBXGroup section */
		1C5D9A882DFEAC75001BBB4F = {
			isa = PBXGroup;
			children = (
				1C5D9AD62DFEB066001BBB4F /* Readme.md */,
				1C5D9AA72DFEAC82001BBB4F /* TemplateMVVM */,
				1C5D9A922DFEAC75001BBB4F /* Products */,
			);
			sourceTree = "<group>";
		};
		1C5D9A922DFEAC75001BBB4F /* Products */ = {
			isa = PBXGroup;
			children = (
				1C5D9A912DFEAC75001BBB4F /* TemplateMVVM.app */,
			);
			name = Products;
			sourceTree = "<group>";
		};
		1C5D9AA32DFEAC82001BBB4F /* Preview Content */ = {
			isa = PBXGroup;
			children = (
				1C5D9AAC2DFEAC90001BBB4F /* Mock */,
				1C5D9AA22DFEAC82001BBB4F /* Preview Assets.xcassets */,
			);
			path = "Preview Content";
			sourceTree = "<group>";
		};
		1C5D9AA72DFEAC82001BBB4F /* TemplateMVVM */ = {
			isa = PBXGroup;
			children = (
				1C5D9AB82DFEAD34001BBB4F /* App */,
				1C5D9AAD2DFEAC9B001BBB4F /* Resources */,
				1C5D9AB92DFEAD44001BBB4F /* Features */,
				1C5D9ABE2DFEAD65001BBB4F /* Shared */,
				1C5D9AB32DFEAD0A001BBB4F /* Core */,
				1C5D9AC52DFEAE13001BBB4F /* DesignSystem */,
			);
			path = TemplateMVVM;
			sourceTree = SOURCE_ROOT;
		};
		1C5D9AAC2DFEAC90001BBB4F /* Mock */ = {
			isa = PBXGroup;
			children = (
			);
			path = Mock;
			sourceTree = "<group>";
		};
		1C5D9AAD2DFEAC9B001BBB4F /* Resources */ = {
			isa = PBXGroup;
			children = (
				1C5D9AC42DFEAE02001BBB4F /* Localization */,
				1C5D9AAE2DFEACA4001BBB4F /* Fonts */,
				1C5D9AA32DFEAC82001BBB4F /* Preview Content */,
				1C5D9AA42DFEAC82001BBB4F /* Assets.xcassets */,
				1C5D9AB12DFEACD0001BBB4F /* Launch Screen.storyboard */,
			);
			name = Resources;
			path = TemplateMVVM/Resources;
			sourceTree = SOURCE_ROOT;
		};
		1C5D9AAE2DFEACA4001BBB4F /* Fonts */ = {
			isa = PBXGroup;
			children = (
			);
			path = Fonts;
			sourceTree = "<group>";
		};
		1C5D9AB32DFEAD0A001BBB4F /* Core */ = {
			isa = PBXGroup;
			children = (
				1C5D9AB72DFEAD2B001BBB4F /* Networking */,
				1C5D9AB62DFEAD24001BBB4F /* Storage */,
				1C5D9AB52DFEAD1D001BBB4F /* Services */,
				1C5D9AB42DFEAD16001BBB4F /* Environment */,
				1C5D9AC32DFEAD8C001BBB4F /* Extensions */,
			);
			name = Core;
			path = TemplateMVVM/Core;
			sourceTree = SOURCE_ROOT;
		};
		1C5D9AB42DFEAD16001BBB4F /* Environment */ = {
			isa = PBXGroup;
			children = (
			);
			path = Environment;
			sourceTree = "<group>";
		};
		1C5D9AB52DFEAD1D001BBB4F /* Services */ = {
			isa = PBXGroup;
			children = (
			);
			path = Services;
			sourceTree = "<group>";
		};
		1C5D9AB62DFEAD24001BBB4F /* Storage */ = {
			isa = PBXGroup;
			children = (
			);
			path = Storage;
			sourceTree = "<group>";
		};
		1C5D9AB72DFEAD2B001BBB4F /* Networking */ = {
			isa = PBXGroup;
			children = (
			);
			path = Networking;
			sourceTree = "<group>";
		};
		1C5D9AB82DFEAD34001BBB4F /* App */ = {
			isa = PBXGroup;
			children = (
				1C5D9AA52DFEAC82001BBB4F /* ContentView.swift */,
				1C5D9AA62DFEAC82001BBB4F /* TemplateMVVMApp.swift */,
			);
			name = App;
			path = TemplateMVVM/App;
			sourceTree = SOURCE_ROOT;
		};
		1C5D9AB92DFEAD44001BBB4F /* Features */ = {
			isa = PBXGroup;
			children = (
				1C5D9ABA2DFEAD49001BBB4F /* Home */,
			);
			name = Features;
			path = TemplateMVVM/Features;
			sourceTree = SOURCE_ROOT;
		};
		1C5D9ABA2DFEAD49001BBB4F /* Home */ = {
			isa = PBXGroup;
			children = (
				1C5D9ABD2DFEAD59001BBB4F /* Model */,
				1C5D9ABC2DFEAD54001BBB4F /* ViewModel */,
				1C5D9ABB2DFEAD4F001BBB4F /* View */,
			);
			path = Home;
			sourceTree = "<group>";
		};
		1C5D9ABB2DFEAD4F001BBB4F /* View */ = {
			isa = PBXGroup;
			children = (
				1C5D9AF92DFEC6D0001BBB4F /* HomeView.swift */,
			);
			path = View;
			sourceTree = "<group>";
		};
		1C5D9ABC2DFEAD54001BBB4F /* ViewModel */ = {
			isa = PBXGroup;
			children = (
				1C5D9AF72DFEC6C8001BBB4F /* HomeViewModel.swift */,
			);
			path = ViewModel;
			sourceTree = "<group>";
		};
		1C5D9ABD2DFEAD59001BBB4F /* Model */ = {
			isa = PBXGroup;
			children = (
				1C5D9AF52DFEC6C1001BBB4F /* Home.swift */,
			);
			path = Model;
			sourceTree = "<group>";
		};
		1C5D9ABE2DFEAD65001BBB4F /* Shared */ = {
			isa = PBXGroup;
			children = (
				1C5D9AC12DFEAD7C001BBB4F /* Components */,
				1C5D9AC02DFEAD73001BBB4F /* Modals */,
				1C5D9ABF2DFEAD6C001BBB4F /* Loaders */,
				1C5D9AD82DFEB5E1001BBB4F /* Utils */,
				1C5D9AE82DFEB7A6001BBB4F /* Constants */,
			);
			name = Shared;
			path = TemplateMVVM/Shared;
			sourceTree = SOURCE_ROOT;
		};
		1C5D9ABF2DFEAD6C001BBB4F /* Loaders */ = {
			isa = PBXGroup;
			children = (
			);
			path = Loaders;
			sourceTree = "<group>";
		};
		1C5D9AC02DFEAD73001BBB4F /* Modals */ = {
			isa = PBXGroup;
			children = (
			);
			path = Modals;
			sourceTree = "<group>";
		};
		1C5D9AC12DFEAD7C001BBB4F /* Components */ = {
			isa = PBXGroup;
			children = (
			);
			path = Components;
			sourceTree = "<group>";
		};
		1C5D9AC32DFEAD8C001BBB4F /* Extensions */ = {
			isa = PBXGroup;
			children = (
			);
			path = Extensions;
			sourceTree = "<group>";
		};
		1C5D9AC42DFEAE02001BBB4F /* Localization */ = {
			isa = PBXGroup;
			children = (
			);
			path = Localization;
			sourceTree = "<group>";
		};
		1C5D9AC52DFEAE13001BBB4F /* DesignSystem */ = {
			isa = PBXGroup;
			children = (
				1C5D9AC62DFEAE70001BBB4F /* Colors.swift */,
				1C5D9AC82DFEAE79001BBB4F /* Fonts.swift */,
				1C5D9ACA2DFEAE82001BBB4F /* Spacing.swift */,
				1C5D9ACC2DFEAE8B001BBB4F /* Icons.swift */,
				1C5D9ACE2DFEAE93001BBB4F /* CornerRadius.swift */,
				1C5D9AD02DFEAE99001BBB4F /* Shadows.swift */,
				1C5D9AD22DFEAEA2001BBB4F /* Typography.swift */,
				1C5D9AD42DFEAEAA001BBB4F /* Theme.swift */,
			);
			name = DesignSystem;
			path = TemplateMVVM/DesignSystem;
			sourceTree = SOURCE_ROOT;
		};
		1C5D9AD82DFEB5E1001BBB4F /* Utils */ = {
			isa = PBXGroup;
			children = (
				1C5D9ADA2DFEB62D001BBB4F /* DateUtils.swift */,
				1C5D9ADC2DFEB635001BBB4F /* DeviceUtils.swift */,
				1C5D9ADE2DFEB63E001BBB4F /* DebugUtils.swift */,
				1C5D9AE02DFEB645001BBB4F /* HapticManager.swift */,
				1C5D9AE22DFEB64E001BBB4F /* AppInfoUtils.swift */,
				1C5D9AE42DFEB659001BBB4F /* PermissionsManager.swift */,
				1C5D9AE62DFEB661001BBB4F /* Validator.swift */,
			);
			path = Utils;
			sourceTree = "<group>";
		};
		1C5D9AE82DFEB7A6001BBB4F /* Constants */ = {
			isa = PBXGroup;
			children = (
				1C5D9AE92DFEB7B9001BBB4F /* APIConstants.swift */,
				1C5D9AEB2DFEB7C9001BBB4F /* AppConstants.swift */,
				1C5D9AED2DFEB7D0001BBB4F /* NotificationNames.swift */,
				1C5D9AEF2DFEB7F2001BBB4F /* UserDefaultsKeys.swift */,
				1C5D9AF12DFEB7FA001BBB4F /* RegexPatterns.swift */,
				1C5D9AF32DFEB800001BBB4F /* ErrorMessages.swift */,
			);
			path = Constants;
			sourceTree = "<group>";
		};
/* End PBXGroup section */

/* Begin PBXNativeTarget section */
		1C5D9A902DFEAC75001BBB4F /* TemplateMVVM */ = {
			isa = PBXNativeTarget;
			buildConfigurationList = 1C5D9A9F2DFEAC78001BBB4F /* Build configuration list for PBXNativeTarget "TemplateMVVM" */;
			buildPhases = (
				1C5D9A8D2DFEAC75001BBB4F /* Sources */,
				1C5D9A8E2DFEAC75001BBB4F /* Frameworks */,
				1C5D9A8F2DFEAC75001BBB4F /* Resources */,
			);
			buildRules = (
			);
			dependencies = (
			);
			name = TemplateMVVM;
			packageProductDependencies = (
			);
			productName = TemplateMVVM;
			productReference = 1C5D9A912DFEAC75001BBB4F /* TemplateMVVM.app */;
			productType = "com.apple.product-type.application";
		};
/* End PBXNativeTarget section */

/* Begin PBXProject section */
		1C5D9A892DFEAC75001BBB4F /* Project object */ = {
			isa = PBXProject;
			attributes = {
				BuildIndependentTargetsInParallel = 1;
				LastSwiftUpdateCheck = 1620;
				LastUpgradeCheck = 1620;
				TargetAttributes = {
					1C5D9A902DFEAC75001BBB4F = {
						CreatedOnToolsVersion = 16.2;
					};
				};
			};
			buildConfigurationList = 1C5D9A8C2DFEAC75001BBB4F /* Build configuration list for PBXProject "TemplateMVVM" */;
			developmentRegion = en;
			hasScannedForEncodings = 0;
			knownRegions = (
				en,
				Base,
			);
			mainGroup = 1C5D9A882DFEAC75001BBB4F;
			minimizedProjectReferenceProxies = 1;
			preferredProjectObjectVersion = 77;
			productRefGroup = 1C5D9A922DFEAC75001BBB4F /* Products */;
			projectDirPath = "";
			projectRoot = "";
			targets = (
				1C5D9A902DFEAC75001BBB4F /* TemplateMVVM */,
			);
		};
/* End PBXProject section */

/* Begin PBXResourcesBuildPhase section */
		1C5D9A8F2DFEAC75001BBB4F /* Resources */ = {
			isa = PBXResourcesBuildPhase;
			buildActionMask = 2147483647;
			files = (
				1C5D9AB22DFEACD0001BBB4F /* Launch Screen.storyboard in Resources */,
				1C5D9AA82DFEAC82001BBB4F /* Preview Assets.xcassets in Resources */,
				1C5D9AD72DFEB066001BBB4F /* Readme.md in Resources */,
				1C5D9AA92DFEAC82001BBB4F /* Assets.xcassets in Resources */,
			);
			runOnlyForDeploymentPostprocessing = 0;
		};
/* End PBXResourcesBuildPhase section */

/* Begin PBXSourcesBuildPhase section */
		1C5D9A8D2DFEAC75001BBB4F /* Sources */ = {
			isa = PBXSourcesBuildPhase;
			buildActionMask = 2147483647;
			files = (
				1C5D9AF22DFEB7FA001BBB4F /* RegexPatterns.swift in Sources */,
				1C5D9AEC2DFEB7C9001BBB4F /* AppConstants.swift in Sources */,
				1C5D9AF02DFEB7F2001BBB4F /* UserDefaultsKeys.swift in Sources */,
				1C5D9AF82DFEC6C8001BBB4F /* HomeViewModel.swift in Sources */,
				1C5D9ADB2DFEB62D001BBB4F /* DateUtils.swift in Sources */,
				1C5D9AF42DFEB800001BBB4F /* ErrorMessages.swift in Sources */,
				1C5D9ADD2DFEB635001BBB4F /* DeviceUtils.swift in Sources */,
				1C5D9AE12DFEB645001BBB4F /* HapticManager.swift in Sources */,
				1C5D9AC92DFEAE79001BBB4F /* Fonts.swift in Sources */,
				1C5D9AD12DFEAE99001BBB4F /* Shadows.swift in Sources */,
				1C5D9AE32DFEB64E001BBB4F /* AppInfoUtils.swift in Sources */,
				1C5D9ACF2DFEAE93001BBB4F /* CornerRadius.swift in Sources */,
				1C5D9ADF2DFEB63E001BBB4F /* DebugUtils.swift in Sources */,
				1C5D9AAA2DFEAC82001BBB4F /* ContentView.swift in Sources */,
				1C5D9ACD2DFEAE8B001BBB4F /* Icons.swift in Sources */,
				1C5D9AFA2DFEC6D0001BBB4F /* HomeView.swift in Sources */,
				1C5D9AE52DFEB659001BBB4F /* PermissionsManager.swift in Sources */,
				1C5D9ACB2DFEAE82001BBB4F /* Spacing.swift in Sources */,
				1C5D9AE72DFEB661001BBB4F /* Validator.swift in Sources */,
				1C5D9AC72DFEAE70001BBB4F /* Colors.swift in Sources */,
				1C5D9AEA2DFEB7B9001BBB4F /* APIConstants.swift in Sources */,
				1C5D9AD52DFEAEAA001BBB4F /* Theme.swift in Sources */,
				1C5D9AEE2DFEB7D0001BBB4F /* NotificationNames.swift in Sources */,
				1C5D9AD32DFEAEA2001BBB4F /* Typography.swift in Sources */,
				1C5D9AF62DFEC6C1001BBB4F /* Home.swift in Sources */,
				1C5D9AAB2DFEAC82001BBB4F /* TemplateMVVMApp.swift in Sources */,
			);
			runOnlyForDeploymentPostprocessing = 0;
		};
/* End PBXSourcesBuildPhase section */

/* Begin XCBuildConfiguration section */
		1C5D9A9D2DFEAC78001BBB4F /* Debug */ = {
			isa = XCBuildConfiguration;
			buildSettings = {
				ALWAYS_SEARCH_USER_PATHS = NO;
				ASSETCATALOG_COMPILER_GENERATE_SWIFT_ASSET_SYMBOL_EXTENSIONS = YES;
				CLANG_ANALYZER_NONNULL = YES;
				CLANG_ANALYZER_NUMBER_OBJECT_CONVERSION = YES_AGGRESSIVE;
				CLANG_CXX_LANGUAGE_STANDARD = "gnu++20";
				CLANG_ENABLE_MODULES = YES;
				CLANG_ENABLE_OBJC_ARC = YES;
				CLANG_ENABLE_OBJC_WEAK = YES;
				CLANG_WARN_BLOCK_CAPTURE_AUTORELEASING = YES;
				CLANG_WARN_BOOL_CONVERSION = YES;
				CLANG_WARN_COMMA = YES;
				CLANG_WARN_CONSTANT_CONVERSION = YES;
				CLANG_WARN_DEPRECATED_OBJC_IMPLEMENTATIONS = YES;
				CLANG_WARN_DIRECT_OBJC_ISA_USAGE = YES_ERROR;
				CLANG_WARN_DOCUMENTATION_COMMENTS = YES;
				CLANG_WARN_EMPTY_BODY = YES;
				CLANG_WARN_ENUM_CONVERSION = YES;
				CLANG_WARN_INFINITE_RECURSION = YES;
				CLANG_WARN_INT_CONVERSION = YES;
				CLANG_WARN_NON_LITERAL_NULL_CONVERSION = YES;
				CLANG_WARN_OBJC_IMPLICIT_RETAIN_SELF = YES;
				CLANG_WARN_OBJC_LITERAL_CONVERSION = YES;
				CLANG_WARN_OBJC_ROOT_CLASS = YES_ERROR;
				CLANG_WARN_QUOTED_INCLUDE_IN_FRAMEWORK_HEADER = YES;
				CLANG_WARN_RANGE_LOOP_ANALYSIS = YES;
				CLANG_WARN_STRICT_PROTOTYPES = YES;
				CLANG_WARN_SUSPICIOUS_MOVE = YES;
				CLANG_WARN_UNGUARDED_AVAILABILITY = YES_AGGRESSIVE;
				CLANG_WARN_UNREACHABLE_CODE = YES;
				CLANG_WARN__DUPLICATE_METHOD_MATCH = YES;
				COPY_PHASE_STRIP = NO;
				DEBUG_INFORMATION_FORMAT = dwarf;
				ENABLE_STRICT_OBJC_MSGSEND = YES;
				ENABLE_TESTABILITY = YES;
				ENABLE_USER_SCRIPT_SANDBOXING = YES;
				GCC_C_LANGUAGE_STANDARD = gnu17;
				GCC_DYNAMIC_NO_PIC = NO;
				GCC_NO_COMMON_BLOCKS = YES;
				GCC_OPTIMIZATION_LEVEL = 0;
				GCC_PREPROCESSOR_DEFINITIONS = (
					"DEBUG=1",
					"$(inherited)",
				);
				GCC_WARN_64_TO_32_BIT_CONVERSION = YES;
				GCC_WARN_ABOUT_RETURN_TYPE = YES_ERROR;
				GCC_WARN_UNDECLARED_SELECTOR = YES;
				GCC_WARN_UNINITIALIZED_AUTOS = YES_AGGRESSIVE;
				GCC_WARN_UNUSED_FUNCTION = YES;
				GCC_WARN_UNUSED_VARIABLE = YES;
				IPHONEOS_DEPLOYMENT_TARGET = 18.2;
				LOCALIZATION_PREFERS_STRING_CATALOGS = YES;
				MTL_ENABLE_DEBUG_INFO = INCLUDE_SOURCE;
				MTL_FAST_MATH = YES;
				ONLY_ACTIVE_ARCH = YES;
				SDKROOT = iphoneos;
				SWIFT_ACTIVE_COMPILATION_CONDITIONS = "DEBUG $(inherited)";
				SWIFT_OPTIMIZATION_LEVEL = "-Onone";
			};
			name = Debug;
		};
		1C5D9A9E2DFEAC78001BBB4F /* Release */ = {
			isa = XCBuildConfiguration;
			buildSettings = {
				ALWAYS_SEARCH_USER_PATHS = NO;
				ASSETCATALOG_COMPILER_GENERATE_SWIFT_ASSET_SYMBOL_EXTENSIONS = YES;
				CLANG_ANALYZER_NONNULL = YES;
				CLANG_ANALYZER_NUMBER_OBJECT_CONVERSION = YES_AGGRESSIVE;
				CLANG_CXX_LANGUAGE_STANDARD = "gnu++20";
				CLANG_ENABLE_MODULES = YES;
				CLANG_ENABLE_OBJC_ARC = YES;
				CLANG_ENABLE_OBJC_WEAK = YES;
				CLANG_WARN_BLOCK_CAPTURE_AUTORELEASING = YES;
				CLANG_WARN_BOOL_CONVERSION = YES;
				CLANG_WARN_COMMA = YES;
				CLANG_WARN_CONSTANT_CONVERSION = YES;
				CLANG_WARN_DEPRECATED_OBJC_IMPLEMENTATIONS = YES;
				CLANG_WARN_DIRECT_OBJC_ISA_USAGE = YES_ERROR;
				CLANG_WARN_DOCUMENTATION_COMMENTS = YES;
				CLANG_WARN_EMPTY_BODY = YES;
				CLANG_WARN_ENUM_CONVERSION = YES;
				CLANG_WARN_INFINITE_RECURSION = YES;
				CLANG_WARN_INT_CONVERSION = YES;
				CLANG_WARN_NON_LITERAL_NULL_CONVERSION = YES;
				CLANG_WARN_OBJC_IMPLICIT_RETAIN_SELF = YES;
				CLANG_WARN_OBJC_LITERAL_CONVERSION = YES;
				CLANG_WARN_OBJC_ROOT_CLASS = YES_ERROR;
				CLANG_WARN_QUOTED_INCLUDE_IN_FRAMEWORK_HEADER = YES;
				CLANG_WARN_RANGE_LOOP_ANALYSIS = YES;
				CLANG_WARN_STRICT_PROTOTYPES = YES;
				CLANG_WARN_SUSPICIOUS_MOVE = YES;
				CLANG_WARN_UNGUARDED_AVAILABILITY = YES_AGGRESSIVE;
				CLANG_WARN_UNREACHABLE_CODE = YES;
				CLANG_WARN__DUPLICATE_METHOD_MATCH = YES;
				COPY_PHASE_STRIP = NO;
				DEBUG_INFORMATION_FORMAT = "dwarf-with-dsym";
				ENABLE_NS_ASSERTIONS = NO;
				ENABLE_STRICT_OBJC_MSGSEND = YES;
				ENABLE_USER_SCRIPT_SANDBOXING = YES;
				GCC_C_LANGUAGE_STANDARD = gnu17;
				GCC_NO_COMMON_BLOCKS = YES;
				GCC_WARN_64_TO_32_BIT_CONVERSION = YES;
				GCC_WARN_ABOUT_RETURN_TYPE = YES_ERROR;
				GCC_WARN_UNDECLARED_SELECTOR = YES;
				GCC_WARN_UNINITIALIZED_AUTOS = YES_AGGRESSIVE;
				GCC_WARN_UNUSED_FUNCTION = YES;
				GCC_WARN_UNUSED_VARIABLE = YES;
				IPHONEOS_DEPLOYMENT_TARGET = 18.2;
				LOCALIZATION_PREFERS_STRING_CATALOGS = YES;
				MTL_ENABLE_DEBUG_INFO = NO;
				MTL_FAST_MATH = YES;
				SDKROOT = iphoneos;
				SWIFT_COMPILATION_MODE = wholemodule;
				VALIDATE_PRODUCT = YES;
			};
			name = Release;
		};
		1C5D9AA02DFEAC78001BBB4F /* Debug */ = {
			isa = XCBuildConfiguration;
			buildSettings = {
				ASSETCATALOG_COMPILER_APPICON_NAME = AppIcon;
				ASSETCATALOG_COMPILER_GLOBAL_ACCENT_COLOR_NAME = AccentColor;
				CODE_SIGN_STYLE = Automatic;
				CURRENT_PROJECT_VERSION = 1;
				DEVELOPMENT_ASSET_PATHS = "\"TemplateMVVM/Preview Content\"";
				DEVELOPMENT_TEAM = 6FDK7GQU72;
				ENABLE_PREVIEWS = YES;
				GENERATE_INFOPLIST_FILE = YES;
				INFOPLIST_KEY_UIApplicationSceneManifest_Generation = YES;
				INFOPLIST_KEY_UIApplicationSupportsIndirectInputEvents = YES;
				INFOPLIST_KEY_UILaunchScreen_Generation = YES;
				INFOPLIST_KEY_UILaunchStoryboardName = "Launch Screen";
				INFOPLIST_KEY_UISupportedInterfaceOrientations_iPad = "UIInterfaceOrientationPortrait UIInterfaceOrientationPortraitUpsideDown UIInterfaceOrientationLandscapeLeft UIInterfaceOrientationLandscapeRight";
				INFOPLIST_KEY_UISupportedInterfaceOrientations_iPhone = "UIInterfaceOrientationPortrait UIInterfaceOrientationLandscapeLeft UIInterfaceOrientationLandscapeRight";
				LD_RUNPATH_SEARCH_PATHS = (
					"$(inherited)",
					"@executable_path/Frameworks",
				);
				MARKETING_VERSION = 1.0;
				PRODUCT_BUNDLE_IDENTIFIER = com.akmalkhon.TemplateMVVM;
				PRODUCT_NAME = "$(TARGET_NAME)";
				SWIFT_EMIT_LOC_STRINGS = YES;
				SWIFT_VERSION = 5.0;
				TARGETED_DEVICE_FAMILY = "1,2";
			};
			name = Debug;
		};
		1C5D9AA12DFEAC78001BBB4F /* Release */ = {
			isa = XCBuildConfiguration;
			buildSettings = {
				ASSETCATALOG_COMPILER_APPICON_NAME = AppIcon;
				ASSETCATALOG_COMPILER_GLOBAL_ACCENT_COLOR_NAME = AccentColor;
				CODE_SIGN_STYLE = Automatic;
				CURRENT_PROJECT_VERSION = 1;
				DEVELOPMENT_ASSET_PATHS = "\"TemplateMVVM/Preview Content\"";
				DEVELOPMENT_TEAM = 6FDK7GQU72;
				ENABLE_PREVIEWS = YES;
				GENERATE_INFOPLIST_FILE = YES;
				INFOPLIST_KEY_UIApplicationSceneManifest_Generation = YES;
				INFOPLIST_KEY_UIApplicationSupportsIndirectInputEvents = YES;
				INFOPLIST_KEY_UILaunchScreen_Generation = YES;
				INFOPLIST_KEY_UILaunchStoryboardName = "Launch Screen";
				INFOPLIST_KEY_UISupportedInterfaceOrientations_iPad = "UIInterfaceOrientationPortrait UIInterfaceOrientationPortraitUpsideDown UIInterfaceOrientationLandscapeLeft UIInterfaceOrientationLandscapeRight";
				INFOPLIST_KEY_UISupportedInterfaceOrientations_iPhone = "UIInterfaceOrientationPortrait UIInterfaceOrientationLandscapeLeft UIInterfaceOrientationLandscapeRight";
				LD_RUNPATH_SEARCH_PATHS = (
					"$(inherited)",
					"@executable_path/Frameworks",
				);
				MARKETING_VERSION = 1.0;
				PRODUCT_BUNDLE_IDENTIFIER = com.akmalkhon.TemplateMVVM;
				PRODUCT_NAME = "$(TARGET_NAME)";
				SWIFT_EMIT_LOC_STRINGS = YES;
				SWIFT_VERSION = 5.0;
				TARGETED_DEVICE_FAMILY = "1,2";
			};
			name = Release;
		};
/* End XCBuildConfiguration section */

/* Begin XCConfigurationList section */
		1C5D9A8C2DFEAC75001BBB4F /* Build configuration list for PBXProject "TemplateMVVM" */ = {
			isa = XCConfigurationList;
			buildConfigurations = (
				1C5D9A9D2DFEAC78001BBB4F /* Debug */,
				1C5D9A9E2DFEAC78001BBB4F /* Release */,
			);
			defaultConfigurationIsVisible = 0;
			defaultConfigurationName = Release;
		};
		1C5D9A9F2DFEAC78001BBB4F /* Build configuration list for PBXNativeTarget "TemplateMVVM" */ = {
			isa = XCConfigurationList;
			buildConfigurations = (
				1C5D9AA02DFEAC78001BBB4F /* Debug */,
				1C5D9AA12DFEAC78001BBB4F /* Release */,
			);
			defaultConfigurationIsVisible = 0;
			defaultConfigurationName = Release;
		};
/* End XCConfigurationList section */
	};
	rootObject = 1C5D9A892DFEAC75001BBB4F /* Project object */;
}
